
Microsoft Visual Studio Solution File, Format Version 12.00
# Visual Studio Version 17
VisualStudioVersion = 17.4.33103.184
MinimumVisualStudioVersion = 10.0.40219.1
Project("{8BC9CEB8-8B4A-11D0-8D11-00A0C91BC942}") = "libreria_leonardo_barone", "libreria_leonardo_barone.vcxproj", "{DA01F801-0D14-4C81-A88C-DC721A0787E7}"
EndProject
Global
	GlobalSection(SolutionConfigurationPlatforms) = preSolution
		Debug|x64 = Debug|x64
		Debug|x86 = Debug|x86
		Release|x64 = Release|x64
		Release|x86 = Release|x86
	EndGlobalSection
	GlobalSection(ProjectConfigurationPlatforms) = postSolution
		{DA01F801-0D14-4C81-A88C-DC721A0787E7}.Debug|x64.ActiveCfg = Debug|x64
		{DA01F801-0D14-4C81-A88C-DC721A0787E7}.Debug|x64.Build.0 = Debug|x64
		{DA01F801-0D14-4C81-A88C-DC721A0787E7}.Debug|x86.ActiveCfg = Debug|Win32
		{DA01F801-0D14-4C81-A88C-DC721A0787E7}.Debug|x86.Build.0 = Debug|Win32
		{DA01F801-0D14-4C81-A88C-DC721A0787E7}.Release|x64.ActiveCfg = Release|x64
		{DA01F801-0D14-4C81-A88C-DC721A0787E7}.Release|x64.Build.0 = Release|x64
		{DA01F801-0D14-4C81-A88C-DC721A0787E7}.Release|x86.ActiveCfg = Release|Win32
		{DA01F801-0D14-4C81-A88C-DC721A0787E7}.Release|x86.Build.0 = Release|Win32
	EndGlobalSection
	GlobalSection(SolutionProperties) = preSolution
		HideSolutionNode = FALSE
	EndGlobalSection
	GlobalSection(ExtensibilityGlobals) = postSolution
		SolutionGuid = {43BAEE1B-801D-435D-BE3A-E87D32815872}
	EndGlobalSection
EndGlobal
